github.com/go-recaptcha/recaptcha v1.0.1 h1:4NzMQSLoAz0GZjITmN/KQLkqw+eNbmw+/E5bxxzs3lE=
github.com/go-recaptcha/recaptcha v1.0.1/go.mod h1:P9kxikzgGXuC/ZaOh3zjGrhiE4nfXukNSnglpHfWo5k=
github.com/golang/freetype v0.0.0-20170609003504-e2365dfdc4a0 h1:DACJavvAHhabrF08vX0COfcOBJRhZ8lUbR+ZWIs0Y5g=
github.com/golang/freetype v0.0.0-20170609003504-e2365dfdc4a0/go.mod h1:E/TSTwGwJL78qG/PmXZO1EjYhfJinVAhrmmHX6Z8B9k=
github.com/gorilla/handlers v0.0.0-20160410185317-66e6c6f01d8d h1:wroUBCGyWwKzb/MvvcfuO91P7c0cR8oNoFVvNd3B2kU=
github.com/gorilla/handlers v0.0.0-20160410185317-66e6c6f01d8d/go.mod h1:Qkdc/uu4tH4g6mTK6auzZ766c4CA0Ng8+o/OAirnOIQ=
github.com/gorilla/websocket v0.0.0-20180420171612-21ab95fa12b9 h1:XM0qkx9Su0WV9s1e5A7xr9ZX0NUYxp7L0cbmJGjKZio=
github.com/gorilla/websocket v0.0.0-20180420171612-21ab95fa12b9/go.mod h1:E7qHFY5m1UJ88s3WnNqhKjPHQ0heANvMoAMk2YaljkQ=
github.com/kelseyhightower/envconfig v0.0.0-20170523190722-70f0258d44cb h1:9KIwBIae+Dlo0ritBLyuEkJPa3Nm37oWfiLexaRrDKk=
github.com/kelseyhightower/envconfig v0.0.0-20170523190722-70f0258d44cb/go.mod h1:cccZRl6mQpaq41TPp5QxidR+Sa3axMbJDNb//FQX6Gg=
github.com/narqo/go-badge v0.0.0-20160308224023-3014a17b062a h1:yzs1WAbCVYL+n2sr8A6MDTVIGeQOyNrdPoL/O81LzCg=
github.com/narqo/go-badge v0.0.0-20160308224023-3014a17b062a/go.mod h1:7RbRBw88E4ePWAyz1EJI8iRMx68olFjSCnEjQeb9nJ8=
github.com/nlopes/slack v0.5.0 h1:NbIae8Kd0NpqaEI3iUrsuS0KbcEDhzhc939jLW5fNm0=
github.com/nlopes/slack v0.5.0/go.mod h1:jVI4BBK3lSktibKahxBF74txcK2vyvkza1z/+rRnVAM=
github.com/paulbellamy/ratecounter v0.1.0 h1:FLljiU2IX0ugjoNr1V85RkPMH/od1Rnj/9vnzmTZTfs=
github.com/paulbellamy/ratecounter v0.1.0/go.mod h1:Hfx1hDpSGoqxkVVpBi/IlYD7kChlfo5C6hzIHwPqfFE=
github.com/pkg/errors v0.0.0-20190109061628-ffb6e22f0193 h1:G+3hOJb+jr4ruKVe4WWvC0wXvPmVuKyb/tTlOyjAisU=
github.com/pkg/errors v0.0.0-20190109061628-ffb6e22f0193/go.mod h1:bwawxfHBFNV+L2hUp1rHADufV3IMtnDRdf1r5NINEl0=
github.com/pquerna/ffjson v0.0.0-20160407231528-7327d038fae6 h1:BQz56KfCZNdy+lOj5LwojGEnYJ9q8gztRuBnAfZV4NI=
github.com/pquerna/ffjson v0.0.0-20160407231528-7327d038fae6/go.mod h1:YARuvh7BUWHNhzDq2OM5tzR2RiCcN2D7sapiKyCel/M=
golang.org/x/image v0.0.0-20181116024801-cd38e8056d9b h1:VHyIDlv3XkfCa5/a81uzaoDkHH4rr81Z62g+xlnO8uM=
golang.org/x/image v0.0.0-20181116024801-cd38e8056d9b/go.mod h1:ux5Hcp/YLpHSI86hEcLt0YII63i6oz57MZXIpbrjZUs=
golang.org/x/net v0.0.0-20160421003651-815d315ead42/go.mod h1:mL1N/T3taQHkDXs73rZJwtUhF3w3ftmwwsq0BUmARs4=
